
Microsoft Visual Studio Solution File, Format Version 12.00
# Visual Studio Version 16
VisualStudioVersion = 16.0.29326.143
MinimumVisualStudioVersion = 10.0.40219.1
Project("{FAE04EC0-301F-11D3-BF4B-00C04F79EFBC}") = "MedlineDownload", "MedlineDownload\MedlineDownload.csproj", "{4AD8EEC4-037D-4A8E-83C7-A6965E74EEFC}"
EndProject
Global
	GlobalSection(SolutionConfigurationPlatforms) = preSolution
		Debug|Any CPU = Debug|Any CPU
		Release|Any CPU = Release|Any CPU
	EndGlobalSection
	GlobalSection(ProjectConfigurationPlatforms) = postSolution
		{4AD8EEC4-037D-4A8E-83C7-A6965E74EEFC}.Debug|Any CPU.ActiveCfg = Debug|Any CPU
		{4AD8EEC4-037D-4A8E-83C7-A6965E74EEFC}.Debug|Any CPU.Build.0 = Debug|Any CPU
		{4AD8EEC4-037D-4A8E-83C7-A6965E74EEFC}.Release|Any CPU.ActiveCfg = Release|Any CPU
		{4AD8EEC4-037D-4A8E-83C7-A6965E74EEFC}.Release|Any CPU.Build.0 = Release|Any CPU
	EndGlobalSection
	GlobalSection(SolutionProperties) = preSolution
		HideSolutionNode = FALSE
	EndGlobalSection
	GlobalSection(ExtensibilityGlobals) = postSolution
		SolutionGuid = {A2CF07D5-4516-4953-848F-81E1A42407E2}
	EndGlobalSection
EndGlobal
